
Microsoft Visual Studio Solution File, Format Version 12.00
# Visual Studio Version 16
VisualStudioVersion = 16.0.30907.101
MinimumVisualStudioVersion = 10.0.40219.1
Project("{FAE04EC0-301F-11D3-BF4B-00C04F79EFBC}") = "My_Set", "My_Set.csproj", "{79B05355-9291-4D80-9FB5-69B08FE5FCF9}"
EndProject
Global
	GlobalSection(SolutionConfigurationPlatforms) = preSolution
		Debug|Any CPU = Debug|Any CPU
		Release|Any CPU = Release|Any CPU
	EndGlobalSection
	GlobalSection(ProjectConfigurationPlatforms) = postSolution
		{79B05355-9291-4D80-9FB5-69B08FE5FCF9}.Debug|Any CPU.ActiveCfg = Debug|Any CPU
		{79B05355-9291-4D80-9FB5-69B08FE5FCF9}.Debug|Any CPU.Build.0 = Debug|Any CPU
		{79B05355-9291-4D80-9FB5-69B08FE5FCF9}.Release|Any CPU.ActiveCfg = Release|Any CPU
		{79B05355-9291-4D80-9FB5-69B08FE5FCF9}.Release|Any CPU.Build.0 = Release|Any CPU
	EndGlobalSection
	GlobalSection(SolutionProperties) = preSolution
		HideSolutionNode = FALSE
	EndGlobalSection
	GlobalSection(ExtensibilityGlobals) = postSolution
		SolutionGuid = {F7B6C14A-D99E-4913-A676-BBA49E90A614}
	EndGlobalSection
EndGlobal
